{
  "object": {
    "pins": [
      {
        "package": "Curry",
        "repositoryURL": "https://github.com/thoughtbot/Curry.git",
        "state": {
          "branch": null,
          "revision": "b6bf27ec9d711f607a8c7da9ca69ee9eaa201a22",
          "version": "4.0.1"
        }
      },
      {
        "package": "Runes",
        "repositoryURL": "https://github.com/thoughtbot/Runes.git",
        "state": {
          "branch": null,
          "revision": "30701f9587e31eca105318a5612691bf35a95d0b",
          "version": "4.1.1"
        }
      }
    ]
  },
  "version": 1
}
